// !$*UTF8*$!
{
	archiveVersion = 1;
	classes = {
	};
	objectVersion = 50;
	objects = {

/* Begin PBXBuildFile section */
		B426ECEE2577C73E00C453FE /* AppDelegate.swift in Sources */ = {isa = PBXBuildFile; fileRef = B426ECED2577C73E00C453FE /* AppDelegate.swift */; };
		B426ECF02577C73E00C453FE /* art.scnassets in Resources */ = {isa = PBXBuildFile; fileRef = B426ECEF2577C73E00C453FE /* art.scnassets */; };
		B426ECF22577C73E00C453FE /* GameViewController.swift in Sources */ = {isa = PBXBuildFile; fileRef = B426ECF12577C73E00C453FE /* GameViewController.swift */; };
		B426ECF52577C73E00C453FE /* Main.storyboard in Resources */ = {isa = PBXBuildFile; fileRef = B426ECF32577C73E00C453FE /* Main.storyboard */; };
		B426ECF72577C73F00C453FE /* Assets.xcassets in Resources */ = {isa = PBXBuildFile; fileRef = B426ECF62577C73F00C453FE /* Assets.xcassets */; };
		B426ED032578510A00C453FE /* Screenshot 2.png in Resources */ = {isa = PBXBuildFile; fileRef = B426ED012578510A00C453FE /* Screenshot 2.png */; };
		B426ED042578510A00C453FE /* Screenshot 1.png in Resources */ = {isa = PBXBuildFile; fileRef = B426ED022578510A00C453FE /* Screenshot 1.png */; };
/* End PBXBuildFile section */

/* Begin PBXFileReference section */
		B426ECEA2577C73E00C453FE /* Game Air 2020.app */ = {isa = PBXFileReference; explicitFileType = wrapper.application; includeInIndex = 0; path = "Game Air 2020.app"; sourceTree = BUILT_PRODUCTS_DIR; };
		B426ECED2577C73E00C453FE /* AppDelegate.swift */ = {isa = PBXFileReference; lastKnownFileType = sourcecode.swift; path = AppDelegate.swift; sourceTree = "<group>"; };
		B426ECEF2577C73E00C453FE /* art.scnassets */ = {isa = PBXFileReference; lastKnownFileType = wrapper.scnassets; path = art.scnassets; sourceTree = "<group>"; };
		B426ECF12577C73E00C453FE /* GameViewController.swift */ = {isa = PBXFileReference; lastKnownFileType = sourcecode.swift; path = GameViewController.swift; sourceTree = "<group>"; };
		B426ECF42577C73E00C453FE /* Base */ = {isa = PBXFileReference; lastKnownFileType = file.storyboard; name = Base; path = Base.lproj/Main.storyboard; sourceTree = "<group>"; };
		B426ECF62577C73F00C453FE /* Assets.xcassets */ = {isa = PBXFileReference; lastKnownFileType = folder.assetcatalog; path = Assets.xcassets; sourceTree = "<group>"; };
		B426ECF82577C73F00C453FE /* Info.plist */ = {isa = PBXFileReference; lastKnownFileType = text.plist.xml; path = Info.plist; sourceTree = "<group>"; };
		B426ED012578510A00C453FE /* Screenshot 2.png */ = {isa = PBXFileReference; lastKnownFileType = image.png; name = "Screenshot 2.png"; path = "../../../../../../../Desktop/Screenshot 2.png"; sourceTree = "<group>"; };
		B426ED022578510A00C453FE /* Screenshot 1.png */ = {isa = PBXFileReference; lastKnownFileType = image.png; name = "Screenshot 1.png"; path = "../../../../../../../Desktop/Screenshot 1.png"; sourceTree = "<group>"; };
		B426ED072578517C00C453FE /* Screenshot 1.png */ = {isa = PBXFileReference; lastKnownFileType = image.png; path = "Screenshot 1.png"; sourceTree = "<group>"; };
		B426ED082578517C00C453FE /* Screenshot 2.png */ = {isa = PBXFileReference; lastKnownFileType = image.png; path = "Screenshot 2.png"; sourceTree = "<group>"; };
/* End PBXFileReference section */

/* Begin PBXFrameworksBuildPhase section */
		B426ECE72577C73E00C453FE /* Frameworks */ = {
			isa = PBXFrameworksBuildPhase;
			buildActionMask = 2147483647;
			files = (
			);
			runOnlyForDeploymentPostprocessing = 0;
		};
/* End PBXFrameworksBuildPhase section */

/* Begin PBXGroup section */
		B426ECE12577C73E00C453FE = {
			isa = PBXGroup;
			children = (
				B426ECEC2577C73E00C453FE /* Game Air 2020 */,
				B426ECEB2577C73E00C453FE /* Products */,
			);
			sourceTree = "<group>";
		};
		B426ECEB2577C73E00C453FE /* Products */ = {
			isa = PBXGroup;
			children = (
				B426ECEA2577C73E00C453FE /* Game Air 2020.app */,
			);
			name = Products;
			sourceTree = "<group>";
		};
		B426ECEC2577C73E00C453FE /* Game Air 2020 */ = {
			isa = PBXGroup;
			children = (
				B426ECED2577C73E00C453FE /* AppDelegate.swift */,
				B426ECEF2577C73E00C453FE /* art.scnassets */,
				B426ECF62577C73F00C453FE /* Assets.xcassets */,
				B426ECF12577C73E00C453FE /* GameViewController.swift */,
				B426ECF82577C73F00C453FE /* Info.plist */,
				B426ECF32577C73E00C453FE /* Main.storyboard */,
				B426ED022578510A00C453FE /* Screenshot 1.png */,
				B426ED012578510A00C453FE /* Screenshot 2.png */,
				B426ED062578517C00C453FE /* Screenshots */,
			);
			path = "Game Air 2020";
			sourceTree = "<group>";
		};
		B426ED062578517C00C453FE /* Screenshots */ = {
			isa = PBXGroup;
			children = (
				B426ED072578517C00C453FE /* Screenshot 1.png */,
				B426ED082578517C00C453FE /* Screenshot 2.png */,
			);
			path = Screenshots;
			sourceTree = "<group>";
		};
/* End PBXGroup section */

/* Begin PBXNativeTarget section */
		B426ECE92577C73E00C453FE /* Game Air 2020 */ = {
			isa = PBXNativeTarget;
			buildConfigurationList = B426ECFB2577C73F00C453FE /* Build configuration list for PBXNativeTarget "Game Air 2020" */;
			buildPhases = (
				B426ECE62577C73E00C453FE /* Sources */,
				B426ECE72577C73E00C453FE /* Frameworks */,
				B426ECE82577C73E00C453FE /* Resources */,
			);
			buildRules = (
			);
			dependencies = (
			);
			name = "Game Air 2020";
			productName = "Game Air 2020";
			productReference = B426ECEA2577C73E00C453FE /* Game Air 2020.app */;
			productType = "com.apple.product-type.application";
		};
/* End PBXNativeTarget section */

/* Begin PBXProject section */
		B426ECE22577C73E00C453FE /* Project object */ = {
			isa = PBXProject;
			attributes = {
				LastSwiftUpdateCheck = 1220;
				LastUpgradeCheck = 1220;
				TargetAttributes = {
					B426ECE92577C73E00C453FE = {
						CreatedOnToolsVersion = 12.2;
					};
				};
			};
			buildConfigurationList = B426ECE52577C73E00C453FE /* Build configuration list for PBXProject "Game Air 2020" */;
			compatibilityVersion = "Xcode 9.3";
			developmentRegion = en;
			hasScannedForEncodings = 0;
			knownRegions = (
				en,
				Base,
			);
			mainGroup = B426ECE12577C73E00C453FE;
			productRefGroup = B426ECEB2577C73E00C453FE /* Products */;
			projectDirPath = "";
			projectRoot = "";
			targets = (
				B426ECE92577C73E00C453FE /* Game Air 2020 */,
			);
		};
/* End PBXProject section */

/* Begin PBXResourcesBuildPhase section */
		B426ECE82577C73E00C453FE /* Resources */ = {
			isa = PBXResourcesBuildPhase;
			buildActionMask = 2147483647;
			files = (
				B426ECF02577C73E00C453FE /* art.scnassets in Resources */,
				B426ECF72577C73F00C453FE /* Assets.xcassets in Resources */,
				B426ECF52577C73E00C453FE /* Main.storyboard in Resources */,
				B426ED042578510A00C453FE /* Screenshot 1.png in Resources */,
				B426ED032578510A00C453FE /* Screenshot 2.png in Resources */,
			);
			runOnlyForDeploymentPostprocessing = 0;
		};
/* End PBXResourcesBuildPhase section */

/* Begin PBXSourcesBuildPhase section */
		B426ECE62577C73E00C453FE /* Sources */ = {
			isa = PBXSourcesBuildPhase;
			buildActionMask = 2147483647;
			files = (
				B426ECF22577C73E00C453FE /* GameViewController.swift in Sources */,
				B426ECEE2577C73E00C453FE /* AppDelegate.swift in Sources */,
			);
			runOnlyForDeploymentPostprocessing = 0;
		};
/* End PBXSourcesBuildPhase section */

/* Begin PBXVariantGroup section */
		B426ECF32577C73E00C453FE /* Main.storyboard */ = {
			isa = PBXVariantGroup;
			children = (
				B426ECF42577C73E00C453FE /* Base */,
			);
			name = Main.storyboard;
			sourceTree = "<group>";
		};
/* End PBXVariantGroup section */

/* Begin XCBuildConfiguration section */
		B426ECF92577C73F00C453FE /* Debug */ = {
			isa = XCBuildConfiguration;
			buildSettings = {
				ALWAYS_SEARCH_USER_PATHS = NO;
				CLANG_ANALYZER_NONNULL = YES;
				CLANG_ANALYZER_NUMBER_OBJECT_CONVERSION = YES_AGGRESSIVE;
				CLANG_CXX_LANGUAGE_STANDARD = "gnu++14";
				CLANG_CXX_LIBRARY = "libc++";
				CLANG_ENABLE_MODULES = YES;
				CLANG_ENABLE_OBJC_ARC = YES;
				CLANG_ENABLE_OBJC_WEAK = YES;
				CLANG_WARN_BLOCK_CAPTURE_AUTORELEASING = YES;
				CLANG_WARN_BOOL_CONVERSION = YES;
				CLANG_WARN_COMMA = YES;
				CLANG_WARN_CONSTANT_CONVERSION = YES;
				CLANG_WARN_DEPRECATED_OBJC_IMPLEMENTATIONS = YES;
				CLANG_WARN_DIRECT_OBJC_ISA_USAGE = YES_ERROR;
				CLANG_WARN_DOCUMENTATION_COMMENTS = YES;
				CLANG_WARN_EMPTY_BODY = YES;
				CLANG_WARN_ENUM_CONVERSION = YES;
				CLANG_WARN_INFINITE_RECURSION = YES;
				CLANG_WARN_INT_CONVERSION = YES;
				CLANG_WARN_NON_LITERAL_NULL_CONVERSION = YES;
				CLANG_WARN_OBJC_IMPLICIT_RETAIN_SELF = YES;
				CLANG_WARN_OBJC_LITERAL_CONVERSION = YES;
				CLANG_WARN_OBJC_ROOT_CLASS = YES_ERROR;
				CLANG_WARN_QUOTED_INCLUDE_IN_FRAMEWORK_HEADER = YES;
				CLANG_WARN_RANGE_LOOP_ANALYSIS = YES;
				CLANG_WARN_STRICT_PROTOTYPES = YES;
				CLANG_WARN_SUSPICIOUS_MOVE = YES;
				CLANG_WARN_UNGUARDED_AVAILABILITY = YES_AGGRESSIVE;
				CLANG_WARN_UNREACHABLE_CODE = YES;
				CLANG_WARN__DUPLICATE_METHOD_MATCH = YES;
				COPY_PHASE_STRIP = NO;
				DEBUG_INFORMATION_FORMAT = dwarf;
				ENABLE_STRICT_OBJC_MSGSEND = YES;
				ENABLE_TESTABILITY = YES;
				GCC_C_LANGUAGE_STANDARD = gnu11;
				GCC_DYNAMIC_NO_PIC = NO;
				GCC_NO_COMMON_BLOCKS = YES;
				GCC_OPTIMIZATION_LEVEL = 0;
				GCC_PREPROCESSOR_DEFINITIONS = (
					"DEBUG=1",
					"$(inherited)",
				);
				GCC_WARN_64_TO_32_BIT_CONVERSION = YES;
				GCC_WARN_ABOUT_RETURN_TYPE = YES_ERROR;
				GCC_WARN_UNDECLARED_SELECTOR = YES;
				GCC_WARN_UNINITIALIZED_AUTOS = YES_AGGRESSIVE;
				GCC_WARN_UNUSED_FUNCTION = YES;
				GCC_WARN_UNUSED_VARIABLE = YES;
				IPHONEOS_DEPLOYMENT_TARGET = 14.2;
				MTL_ENABLE_DEBUG_INFO = INCLUDE_SOURCE;
				MTL_FAST_MATH = YES;
				ONLY_ACTIVE_ARCH = YES;
				SDKROOT = iphoneos;
				SWIFT_ACTIVE_COMPILATION_CONDITIONS = DEBUG;
				SWIFT_OPTIMIZATION_LEVEL = "-Onone";
			};
			name = Debug;
		};
		B426ECFA2577C73F00C453FE /* Release */ = {
			isa = XCBuildConfiguration;
			buildSettings = {
				ALWAYS_SEARCH_USER_PATHS = NO;
				CLANG_ANALYZER_NONNULL = YES;
				CLANG_ANALYZER_NUMBER_OBJECT_CONVERSION = YES_AGGRESSIVE;
				CLANG_CXX_LANGUAGE_STANDARD = "gnu++14";
				CLANG_CXX_LIBRARY = "libc++";
				CLANG_ENABLE_MODULES = YES;
				CLANG_ENABLE_OBJC_ARC = YES;
				CLANG_ENABLE_OBJC_WEAK = YES;
				CLANG_WARN_BLOCK_CAPTURE_AUTORELEASING = YES;
				CLANG_WARN_BOOL_CONVERSION = YES;
				CLANG_WARN_COMMA = YES;
				CLANG_WARN_CONSTANT_CONVERSION = YES;
				CLANG_WARN_DEPRECATED_OBJC_IMPLEMENTATIONS = YES;
				CLANG_WARN_DIRECT_OBJC_ISA_USAGE = YES_ERROR;
				CLANG_WARN_DOCUMENTATION_COMMENTS = YES;
				CLANG_WARN_EMPTY_BODY = YES;
				CLANG_WARN_ENUM_CONVERSION = YES;
				CLANG_WARN_INFINITE_RECURSION = YES;
				CLANG_WARN_INT_CONVERSION = YES;
				CLANG_WARN_NON_LITERAL_NULL_CONVERSION = YES;
				CLANG_WARN_OBJC_IMPLICIT_RETAIN_SELF = YES;
				CLANG_WARN_OBJC_LITERAL_CONVERSION = YES;
				CLANG_WARN_OBJC_ROOT_CLASS = YES_ERROR;
				CLANG_WARN_QUOTED_INCLUDE_IN_FRAMEWORK_HEADER = YES;
				CLANG_WARN_RANGE_LOOP_ANALYSIS = YES;
				CLANG_WARN_STRICT_PROTOTYPES = YES;
				CLANG_WARN_SUSPICIOUS_MOVE = YES;
				CLANG_WARN_UNGUARDED_AVAILABILITY = YES_AGGRESSIVE;
				CLANG_WARN_UNREACHABLE_CODE = YES;
				CLANG_WARN__DUPLICATE_METHOD_MATCH = YES;
				COPY_PHASE_STRIP = NO;
				DEBUG_INFORMATION_FORMAT = "dwarf-with-dsym";
				ENABLE_NS_ASSERTIONS = NO;
				ENABLE_STRICT_OBJC_MSGSEND = YES;
				GCC_C_LANGUAGE_STANDARD = gnu11;
				GCC_NO_COMMON_BLOCKS = YES;
				GCC_WARN_64_TO_32_BIT_CONVERSION = YES;
				GCC_WARN_ABOUT_RETURN_TYPE = YES_ERROR;
				GCC_WARN_UNDECLARED_SELECTOR = YES;
				GCC_WARN_UNINITIALIZED_AUTOS = YES_AGGRESSIVE;
				GCC_WARN_UNUSED_FUNCTION = YES;
				GCC_WARN_UNUSED_VARIABLE = YES;
				IPHONEOS_DEPLOYMENT_TARGET = 14.2;
				MTL_ENABLE_DEBUG_INFO = NO;
				MTL_FAST_MATH = YES;
				SDKROOT = iphoneos;
				SWIFT_COMPILATION_MODE = wholemodule;
				SWIFT_OPTIMIZATION_LEVEL = "-O";
				VALIDATE_PRODUCT = YES;
			};
			name = Release;
		};
		B426ECFC2577C73F00C453FE /* Debug */ = {
			isa = XCBuildConfiguration;
			buildSettings = {
				ASSETCATALOG_COMPILER_APPICON_NAME = AppIcon;
				ASSETCATALOG_COMPILER_GLOBAL_ACCENT_COLOR_NAME = AccentColor;
				CODE_SIGN_STYLE = Automatic;
				DEVELOPMENT_TEAM = XRTUKAGRTL;
				INFOPLIST_FILE = "Game Air 2020/Info.plist";
				LD_RUNPATH_SEARCH_PATHS = (
					"$(inherited)",
					"@executable_path/Frameworks",
				);
				PRODUCT_BUNDLE_IDENTIFIER = "Alexander-Sobolev.Game-Air-2020";
				PRODUCT_NAME = "$(TARGET_NAME)";
				SWIFT_VERSION = 5.0;
				TARGETED_DEVICE_FAMILY = "1,2";
			};
			name = Debug;
		};
		B426ECFD2577C73F00C453FE /* Release */ = {
			isa = XCBuildConfiguration;
			buildSettings = {
				ASSETCATALOG_COMPILER_APPICON_NAME = AppIcon;
				ASSETCATALOG_COMPILER_GLOBAL_ACCENT_COLOR_NAME = AccentColor;
				CODE_SIGN_STYLE = Automatic;
				DEVELOPMENT_TEAM = XRTUKAGRTL;
				INFOPLIST_FILE = "Game Air 2020/Info.plist";
				LD_RUNPATH_SEARCH_PATHS = (
					"$(inherited)",
					"@executable_path/Frameworks",
				);
				PRODUCT_BUNDLE_IDENTIFIER = "Alexander-Sobolev.Game-Air-2020";
				PRODUCT_NAME = "$(TARGET_NAME)";
				SWIFT_VERSION = 5.0;
				TARGETED_DEVICE_FAMILY = "1,2";
			};
			name = Release;
		};
/* End XCBuildConfiguration section */

/* Begin XCConfigurationList section */
		B426ECE52577C73E00C453FE /* Build configuration list for PBXProject "Game Air 2020" */ = {
			isa = XCConfigurationList;
			buildConfigurations = (
				B426ECF92577C73F00C453FE /* Debug */,
				B426ECFA2577C73F00C453FE /* Release */,
			);
			defaultConfigurationIsVisible = 0;
			defaultConfigurationName = Release;
		};
		B426ECFB2577C73F00C453FE /* Build configuration list for PBXNativeTarget "Game Air 2020" */ = {
			isa = XCConfigurationList;
			buildConfigurations = (
				B426ECFC2577C73F00C453FE /* Debug */,
				B426ECFD2577C73F00C453FE /* Release */,
			);
			defaultConfigurationIsVisible = 0;
			defaultConfigurationName = Release;
		};
/* End XCConfigurationList section */
	};
	rootObject = B426ECE22577C73E00C453FE /* Project object */;
}
